
Microsoft Visual Studio Solution File, Format Version 11.00
# Visual Studio 2010
Project("{8BC9CEB8-8B4A-11D0-8D11-00A0C91BC942}") = "create_config_block", "create_config_block.vcxproj", "{E22F81E5-E324-44D8-99AF-6CAC0B082753}"
EndProject
Global
	GlobalSection(SolutionConfigurationPlatforms) = preSolution
		Debug|Win32 = Debug|Win32
		Release|Win32 = Release|Win32
	EndGlobalSection
	GlobalSection(ProjectConfigurationPlatforms) = postSolution
		{E22F81E5-E324-44D8-99AF-6CAC0B082753}.Debug|Win32.ActiveCfg = Debug|Win32
		{E22F81E5-E324-44D8-99AF-6CAC0B082753}.Debug|Win32.Build.0 = Debug|Win32
		{E22F81E5-E324-44D8-99AF-6CAC0B082753}.Release|Win32.ActiveCfg = Release|Win32
		{E22F81E5-E324-44D8-99AF-6CAC0B082753}.Release|Win32.Build.0 = Release|Win32
	EndGlobalSection
	GlobalSection(SolutionProperties) = preSolution
		HideSolutionNode = FALSE
	EndGlobalSection
EndGlobal
